
Microsoft Visual Studio Solution File, Format Version 12.00
# Visual Studio 2017
Project("{FAE04EC0-301F-11D3-BF4B-00C04F79EFBC}") = "templateScene1", "templateScene1.csproj", "{8464672C-2739-1622-543B-9162499C5E48}"
EndProject
Project("{FAE04EC0-301F-11D3-BF4B-00C04F79EFBC}") = "templateScene1.Editor", "templateScene1.Editor.csproj", "{6DE5DD48-95E2-B542-D52B-5D001C3EC154}"
EndProject
Global
	GlobalSection(SolutionConfigurationPlatforms) = preSolution
		Debug|Any CPU = Debug|Any CPU
		Release|Any CPU = Release|Any CPU
	EndGlobalSection
	GlobalSection(ProjectConfigurationPlatforms) = postSolution
		{8464672C-2739-1622-543B-9162499C5E48}.Debug|Any CPU.ActiveCfg = Debug|Any CPU
		{8464672C-2739-1622-543B-9162499C5E48}.Debug|Any CPU.Build.0 = Debug|Any CPU
		{8464672C-2739-1622-543B-9162499C5E48}.Release|Any CPU.ActiveCfg = Release|Any CPU
		{8464672C-2739-1622-543B-9162499C5E48}.Release|Any CPU.Build.0 = Release|Any CPU
		{6DE5DD48-95E2-B542-D52B-5D001C3EC154}.Debug|Any CPU.ActiveCfg = Debug|Any CPU
		{6DE5DD48-95E2-B542-D52B-5D001C3EC154}.Debug|Any CPU.Build.0 = Debug|Any CPU
		{6DE5DD48-95E2-B542-D52B-5D001C3EC154}.Release|Any CPU.ActiveCfg = Release|Any CPU
		{6DE5DD48-95E2-B542-D52B-5D001C3EC154}.Release|Any CPU.Build.0 = Release|Any CPU
	EndGlobalSection
	GlobalSection(SolutionProperties) = preSolution
		HideSolutionNode = FALSE
	EndGlobalSection
EndGlobal
